
Microsoft Visual Studio Solution File, Format Version 12.00
# Visual Studio Version 17
VisualStudioVersion = 17.14.36301.6 d17.14
MinimumVisualStudioVersion = 10.0.40219.1
Project("{FAE04EC0-301F-11D3-BF4B-00C04F79EFBC}") = "ToDo.API", "ToDo.API\ToDo.API.csproj", "{2EE2770B-A627-4286-A8CD-A037DBBF787D}"
EndProject
Project("{FAE04EC0-301F-11D3-BF4B-00C04F79EFBC}") = "ToDo.Data", "ToDo.Data\ToDo.Data.csproj", "{0071E5D6-3D5E-4285-8AFA-A45684E071BC}"
EndProject
Project("{FAE04EC0-301F-11D3-BF4B-00C04F79EFBC}") = "ToDo.Domain", "ToDo.Domain\ToDo.Domain.csproj", "{3A0D820A-8EE0-401C-A4F2-67F3828A9A8F}"
EndProject
Global
	GlobalSection(SolutionConfigurationPlatforms) = preSolution
		Debug|Any CPU = Debug|Any CPU
		Release|Any CPU = Release|Any CPU
	EndGlobalSection
	GlobalSection(ProjectConfigurationPlatforms) = postSolution
		{2EE2770B-A627-4286-A8CD-A037DBBF787D}.Debug|Any CPU.ActiveCfg = Debug|Any CPU
		{2EE2770B-A627-4286-A8CD-A037DBBF787D}.Debug|Any CPU.Build.0 = Debug|Any CPU
		{2EE2770B-A627-4286-A8CD-A037DBBF787D}.Release|Any CPU.ActiveCfg = Release|Any CPU
		{2EE2770B-A627-4286-A8CD-A037DBBF787D}.Release|Any CPU.Build.0 = Release|Any CPU
		{0071E5D6-3D5E-4285-8AFA-A45684E071BC}.Debug|Any CPU.ActiveCfg = Debug|Any CPU
		{0071E5D6-3D5E-4285-8AFA-A45684E071BC}.Debug|Any CPU.Build.0 = Debug|Any CPU
		{0071E5D6-3D5E-4285-8AFA-A45684E071BC}.Release|Any CPU.ActiveCfg = Release|Any CPU
		{0071E5D6-3D5E-4285-8AFA-A45684E071BC}.Release|Any CPU.Build.0 = Release|Any CPU
		{3A0D820A-8EE0-401C-A4F2-67F3828A9A8F}.Debug|Any CPU.ActiveCfg = Debug|Any CPU
		{3A0D820A-8EE0-401C-A4F2-67F3828A9A8F}.Debug|Any CPU.Build.0 = Debug|Any CPU
		{3A0D820A-8EE0-401C-A4F2-67F3828A9A8F}.Release|Any CPU.ActiveCfg = Release|Any CPU
		{3A0D820A-8EE0-401C-A4F2-67F3828A9A8F}.Release|Any CPU.Build.0 = Release|Any CPU
	EndGlobalSection
	GlobalSection(SolutionProperties) = preSolution
		HideSolutionNode = FALSE
	EndGlobalSection
	GlobalSection(ExtensibilityGlobals) = postSolution
		SolutionGuid = {D18AE45C-238B-4881-807E-222A371DE4F2}
	EndGlobalSection
EndGlobal
